
Microsoft Visual Studio Solution File, Format Version 12.00
# Visual Studio Version 16
VisualStudioVersion = 16.0.31911.196
MinimumVisualStudioVersion = 10.0.40219.1
Project("{FAE04EC0-301F-11D3-BF4B-00C04F79EFBC}") = "FlowersInformation", "FlowersInformation\FlowersInformation.csproj", "{01E70054-2933-4392-B7C0-2DF198D6D080}"
EndProject
Global
	GlobalSection(SolutionConfigurationPlatforms) = preSolution
		Debug|Any CPU = Debug|Any CPU
		Release|Any CPU = Release|Any CPU
	EndGlobalSection
	GlobalSection(ProjectConfigurationPlatforms) = postSolution
		{01E70054-2933-4392-B7C0-2DF198D6D080}.Debug|Any CPU.ActiveCfg = Debug|Any CPU
		{01E70054-2933-4392-B7C0-2DF198D6D080}.Debug|Any CPU.Build.0 = Debug|Any CPU
		{01E70054-2933-4392-B7C0-2DF198D6D080}.Release|Any CPU.ActiveCfg = Release|Any CPU
		{01E70054-2933-4392-B7C0-2DF198D6D080}.Release|Any CPU.Build.0 = Release|Any CPU
	EndGlobalSection
	GlobalSection(SolutionProperties) = preSolution
		HideSolutionNode = FALSE
	EndGlobalSection
	GlobalSection(ExtensibilityGlobals) = postSolution
		SolutionGuid = {87F5E634-6D0D-41B2-8F1A-2674AF171A9A}
	EndGlobalSection
EndGlobal
