
Microsoft Visual Studio Solution File, Format Version 12.00
# Visual Studio Version 16
VisualStudioVersion = 16.0.31911.196
MinimumVisualStudioVersion = 10.0.40219.1
Project("{FAE04EC0-301F-11D3-BF4B-00C04F79EFBC}") = "StudentGradeNew", "StudentGradeNew\StudentGradeNew.csproj", "{59FAB54C-CEEA-4360-B438-4F4FCD369021}"
EndProject
Global
	GlobalSection(SolutionConfigurationPlatforms) = preSolution
		Debug|Any CPU = Debug|Any CPU
		Release|Any CPU = Release|Any CPU
	EndGlobalSection
	GlobalSection(ProjectConfigurationPlatforms) = postSolution
		{59FAB54C-CEEA-4360-B438-4F4FCD369021}.Debug|Any CPU.ActiveCfg = Debug|Any CPU
		{59FAB54C-CEEA-4360-B438-4F4FCD369021}.Debug|Any CPU.Build.0 = Debug|Any CPU
		{59FAB54C-CEEA-4360-B438-4F4FCD369021}.Release|Any CPU.ActiveCfg = Release|Any CPU
		{59FAB54C-CEEA-4360-B438-4F4FCD369021}.Release|Any CPU.Build.0 = Release|Any CPU
	EndGlobalSection
	GlobalSection(SolutionProperties) = preSolution
		HideSolutionNode = FALSE
	EndGlobalSection
	GlobalSection(ExtensibilityGlobals) = postSolution
		SolutionGuid = {FC4696BA-DFC0-4C0A-AB94-352F784B133A}
	EndGlobalSection
EndGlobal
