
Microsoft Visual Studio Solution File, Format Version 12.00
# Visual Studio Version 16
VisualStudioVersion = 16.0.31911.196
MinimumVisualStudioVersion = 10.0.40219.1
Project("{FAE04EC0-301F-11D3-BF4B-00C04F79EFBC}") = "CarFactory", "CarFactory\CarFactory.csproj", "{59D4B6F1-C613-4E68-9BD9-28779D258D29}"
EndProject
Global
	GlobalSection(SolutionConfigurationPlatforms) = preSolution
		Debug|Any CPU = Debug|Any CPU
		Release|Any CPU = Release|Any CPU
	EndGlobalSection
	GlobalSection(ProjectConfigurationPlatforms) = postSolution
		{59D4B6F1-C613-4E68-9BD9-28779D258D29}.Debug|Any CPU.ActiveCfg = Debug|Any CPU
		{59D4B6F1-C613-4E68-9BD9-28779D258D29}.Debug|Any CPU.Build.0 = Debug|Any CPU
		{59D4B6F1-C613-4E68-9BD9-28779D258D29}.Release|Any CPU.ActiveCfg = Release|Any CPU
		{59D4B6F1-C613-4E68-9BD9-28779D258D29}.Release|Any CPU.Build.0 = Release|Any CPU
	EndGlobalSection
	GlobalSection(SolutionProperties) = preSolution
		HideSolutionNode = FALSE
	EndGlobalSection
	GlobalSection(ExtensibilityGlobals) = postSolution
		SolutionGuid = {DE9F4D77-F113-4E79-9B45-130B32CD23C2}
	EndGlobalSection
EndGlobal
