
Microsoft Visual Studio Solution File, Format Version 12.00
# Visual Studio Version 16
VisualStudioVersion = 16.0.31911.196
MinimumVisualStudioVersion = 10.0.40219.1
Project("{FAE04EC0-301F-11D3-BF4B-00C04F79EFBC}") = "CurrentDateTime", "CurrentDateTime\CurrentDateTime.csproj", "{9BD38333-0AB6-4C21-B0D3-64836D114970}"
EndProject
Global
	GlobalSection(SolutionConfigurationPlatforms) = preSolution
		Debug|Any CPU = Debug|Any CPU
		Release|Any CPU = Release|Any CPU
	EndGlobalSection
	GlobalSection(ProjectConfigurationPlatforms) = postSolution
		{9BD38333-0AB6-4C21-B0D3-64836D114970}.Debug|Any CPU.ActiveCfg = Debug|Any CPU
		{9BD38333-0AB6-4C21-B0D3-64836D114970}.Debug|Any CPU.Build.0 = Debug|Any CPU
		{9BD38333-0AB6-4C21-B0D3-64836D114970}.Release|Any CPU.ActiveCfg = Release|Any CPU
		{9BD38333-0AB6-4C21-B0D3-64836D114970}.Release|Any CPU.Build.0 = Release|Any CPU
	EndGlobalSection
	GlobalSection(SolutionProperties) = preSolution
		HideSolutionNode = FALSE
	EndGlobalSection
	GlobalSection(ExtensibilityGlobals) = postSolution
		SolutionGuid = {435E528B-40C8-42AC-AB02-6658C1476C47}
	EndGlobalSection
EndGlobal
