
Microsoft Visual Studio Solution File, Format Version 12.00
# Visual Studio Version 16
VisualStudioVersion = 16.0.31911.196
MinimumVisualStudioVersion = 10.0.40219.1
Project("{FAE04EC0-301F-11D3-BF4B-00C04F79EFBC}") = "BeautySalonAppointment", "BeautySalonAppointment\BeautySalonAppointment.csproj", "{D94A5000-1D4B-420E-9399-307B147C4057}"
EndProject
Global
	GlobalSection(SolutionConfigurationPlatforms) = preSolution
		Debug|Any CPU = Debug|Any CPU
		Release|Any CPU = Release|Any CPU
	EndGlobalSection
	GlobalSection(ProjectConfigurationPlatforms) = postSolution
		{D94A5000-1D4B-420E-9399-307B147C4057}.Debug|Any CPU.ActiveCfg = Debug|Any CPU
		{D94A5000-1D4B-420E-9399-307B147C4057}.Debug|Any CPU.Build.0 = Debug|Any CPU
		{D94A5000-1D4B-420E-9399-307B147C4057}.Release|Any CPU.ActiveCfg = Release|Any CPU
		{D94A5000-1D4B-420E-9399-307B147C4057}.Release|Any CPU.Build.0 = Release|Any CPU
	EndGlobalSection
	GlobalSection(SolutionProperties) = preSolution
		HideSolutionNode = FALSE
	EndGlobalSection
	GlobalSection(ExtensibilityGlobals) = postSolution
		SolutionGuid = {EF44F953-BD34-4F51-9AC2-8F89102F2A58}
	EndGlobalSection
EndGlobal
